<?xml version="1.0" encoding="UTF-8" standalone="yes" ?>
<CodeBlocks_project_file>
	<FileVersion major="1" minor="6" />
	<Project>
		<Option title="EasyRPG Editor" />
		<Option pch_mode="2" />
		<Option compiler="gcc" />
		<Build>
			<Target title="Debug">
				<Option output="../bin/easyrpg" prefix_auto="1" extension_auto="1" />
				<Option working_dir="../bin" />
				<Option object_output=".obj/Debug/" />
				<Option type="1" />
				<Option compiler="gcc" />
				<Option use_console_runner="0" />
				<Compiler>
					<Add option="-g" />
				</Compiler>
			</Target>
			<Target title="Release">
				<Option output="../bin/easyrpg" prefix_auto="1" extension_auto="1" />
				<Option working_dir="../bin" />
				<Option object_output=".obj/Release/" />
				<Option type="0" />
				<Option compiler="gcc" />
				<Compiler>
					<Add option="-O3" />
				</Compiler>
				<Linker>
					<Add option="-s" />
				</Linker>
			</Target>
		</Build>
		<Compiler>
			<Add option="-Wall" />
			<Add option="-ansi" />
			<Add option="`wx-config --cflags`" />
			<Add option="-Wextra" />
			<Add option="-fno-exceptions" />
			<Add option="-fno-rtti" />
		</Compiler>
		<Linker>
			<Add option="`wx-config --libs`" />
		</Linker>
		<Unit filename="DialogDb.cpp" />
		<Unit filename="DialogDb.h" />
		<Unit filename="DialogDbLearnSkill.cpp" />
		<Unit filename="DialogDbLearnSkill.h" />
		<Unit filename="DialogDbMaxNumber.cpp" />
		<Unit filename="DialogDbMaxNumber.h" />
		<Unit filename="DialogDbSelectAnyGraphic.cpp" />
		<Unit filename="DialogDbSelectAnyGraphic.h" />
		<Unit filename="DialogEvt.cpp" />
		<Unit filename="DialogEvt.h" />
		<Unit filename="DialogEvtCmd.cpp" />
		<Unit filename="DialogEvtCmd.h" />
		<Unit filename="DialogEvtCmdActorFaceGraphic.cpp" />
		<Unit filename="DialogEvtCmdActorFaceGraphic.h" />
		<Unit filename="DialogEvtCmdActorGraphic.cpp" />
		<Unit filename="DialogEvtCmdActorGraphic.h" />
		<Unit filename="DialogEvtCmdActorName.cpp" />
		<Unit filename="DialogEvtCmdActorName.h" />
		<Unit filename="DialogEvtCmdActorNameInput.cpp" />
		<Unit filename="DialogEvtCmdActorNameInput.h" />
		<Unit filename="DialogEvtCmdActorTitle.cpp" />
		<Unit filename="DialogEvtCmdActorTitle.h" />
		<Unit filename="DialogEvtCmdActorTransparency.cpp" />
		<Unit filename="DialogEvtCmdActorTransparency.h" />
		<Unit filename="DialogEvtCmdAnimation.cpp" />
		<Unit filename="DialogEvtCmdAnimation.h" />
		<Unit filename="DialogEvtCmdBattle.cpp" />
		<Unit filename="DialogEvtCmdBattle.h" />
		<Unit filename="DialogEvtCmdBlankScreen.cpp" />
		<Unit filename="DialogEvtCmdBlankScreen.h" />
		<Unit filename="DialogEvtCmdCallEvent.cpp" />
		<Unit filename="DialogEvtCmdCallEvent.h" />
		<Unit filename="DialogEvtCmdChoice.cpp" />
		<Unit filename="DialogEvtCmdChoice.h" />
		<Unit filename="DialogEvtCmdCommerce.cpp" />
		<Unit filename="DialogEvtCmdCommerce.h" />
		<Unit filename="DialogEvtCmdConditions.cpp" />
		<Unit filename="DialogEvtCmdConditions.h" />
		<Unit filename="DialogEvtCmdDamage.cpp" />
		<Unit filename="DialogEvtCmdDamage.h" />
		<Unit filename="DialogEvtCmdDeletePicture.cpp" />
		<Unit filename="DialogEvtCmdDeletePicture.h" />
		<Unit filename="DialogEvtCmdEncounterRate.cpp" />
		<Unit filename="DialogEvtCmdEncounterRate.h" />
		<Unit filename="DialogEvtCmdEquipment.cpp" />
		<Unit filename="DialogEvtCmdEquipment.h" />
		<Unit filename="DialogEvtCmdEscapePermissions.cpp" />
		<Unit filename="DialogEvtCmdEscapePermissions.h" />
		<Unit filename="DialogEvtCmdEscapePlace.cpp" />
		<Unit filename="DialogEvtCmdEscapePlace.h" />
		<Unit filename="DialogEvtCmdEventMovement.cpp" />
		<Unit filename="DialogEvtCmdEventMovement.h" />
		<Unit filename="DialogEvtCmdEventPosition.cpp" />
		<Unit filename="DialogEvtCmdEventPosition.h" />
		<Unit filename="DialogEvtCmdExperience.cpp" />
		<Unit filename="DialogEvtCmdExperience.h" />
		<Unit filename="DialogEvtCmdFaceGraphic.cpp" />
		<Unit filename="DialogEvtCmdFaceGraphic.h" />
		<Unit filename="DialogEvtCmdFadeMusic.cpp" />
		<Unit filename="DialogEvtCmdFadeMusic.h" />
		<Unit filename="DialogEvtCmdFlashCharacter.cpp" />
		<Unit filename="DialogEvtCmdFlashCharacter.h" />
		<Unit filename="DialogEvtCmdFlashScreen.cpp" />
		<Unit filename="DialogEvtCmdFlashScreen.h" />
		<Unit filename="DialogEvtCmdGetPositionID.cpp" />
		<Unit filename="DialogEvtCmdGetPositionID.h" />
		<Unit filename="DialogEvtCmdGetTerrainID.cpp" />
		<Unit filename="DialogEvtCmdGetTerrainID.h" />
		<Unit filename="DialogEvtCmdGoToLabel.cpp" />
		<Unit filename="DialogEvtCmdGoToLabel.h" />
		<Unit filename="DialogEvtCmdGoToMemorizedPlace.cpp" />
		<Unit filename="DialogEvtCmdGoToMemorizedPlace.h" />
		<Unit filename="DialogEvtCmdHP.cpp" />
		<Unit filename="DialogEvtCmdHP.h" />
		<Unit filename="DialogEvtCmdInn.cpp" />
		<Unit filename="DialogEvtCmdInn.h" />
		<Unit filename="DialogEvtCmdItem.cpp" />
		<Unit filename="DialogEvtCmdItem.h" />
		<Unit filename="DialogEvtCmdKeyAssignment.cpp" />
		<Unit filename="DialogEvtCmdKeyAssignment.h" />
		<Unit filename="DialogEvtCmdLabel.cpp" />
		<Unit filename="DialogEvtCmdLabel.h" />
		<Unit filename="DialogEvtCmdLevel.cpp" />
		<Unit filename="DialogEvtCmdLevel.h" />
		<Unit filename="DialogEvtCmdMP.cpp" />
		<Unit filename="DialogEvtCmdMP.h" />
		<Unit filename="DialogEvtCmdMemorizePlace.cpp" />
		<Unit filename="DialogEvtCmdMemorizePlace.h" />
		<Unit filename="DialogEvtCmdMessage.cpp" />
		<Unit filename="DialogEvtCmdMessage.h" />
		<Unit filename="DialogEvtCmdMessageOptions.cpp" />
		<Unit filename="DialogEvtCmdMessageOptions.h" />
		<Unit filename="DialogEvtCmdMoney.cpp" />
		<Unit filename="DialogEvtCmdMoney.h" />
		<Unit filename="DialogEvtCmdMovePicture.cpp" />
		<Unit filename="DialogEvtCmdMovePicture.h" />
		<Unit filename="DialogEvtCmdMoveScreen.cpp" />
		<Unit filename="DialogEvtCmdMoveScreen.h" />
		<Unit filename="DialogEvtCmdNotes.cpp" />
		<Unit filename="DialogEvtCmdNotes.h" />
		<Unit filename="DialogEvtCmdNumberInput.cpp" />
		<Unit filename="DialogEvtCmdNumberInput.h" />
		<Unit filename="DialogEvtCmdPanorama.cpp" />
		<Unit filename="DialogEvtCmdPanorama.h" />
		<Unit filename="DialogEvtCmdParameter.cpp" />
		<Unit filename="DialogEvtCmdParameter.h" />
		<Unit filename="DialogEvtCmdParty.cpp" />
		<Unit filename="DialogEvtCmdParty.h" />
		<Unit filename="DialogEvtCmdPicture.cpp" />
		<Unit filename="DialogEvtCmdPicture.h" />
		<Unit filename="DialogEvtCmdPlayMusic.cpp" />
		<Unit filename="DialogEvtCmdPlayMusic.h" />
		<Unit filename="DialogEvtCmdPlaySound.cpp" />
		<Unit filename="DialogEvtCmdPlaySound.h" />
		<Unit filename="DialogEvtCmdPlayVideo.cpp" />
		<Unit filename="DialogEvtCmdPlayVideo.h" />
		<Unit filename="DialogEvtCmdRecover.cpp" />
		<Unit filename="DialogEvtCmdRecover.h" />
		<Unit filename="DialogEvtCmdSavePermissions.cpp" />
		<Unit filename="DialogEvtCmdSavePermissions.h" />
		<Unit filename="DialogEvtCmdShake.cpp" />
		<Unit filename="DialogEvtCmdShake.h" />
		<Unit filename="DialogEvtCmdShowScreen.cpp" />
		<Unit filename="DialogEvtCmdShowScreen.h" />
		<Unit filename="DialogEvtCmdSkill.cpp" />
		<Unit filename="DialogEvtCmdSkill.h" />
		<Unit filename="DialogEvtCmdStatus.cpp" />
		<Unit filename="DialogEvtCmdStatus.h" />
		<Unit filename="DialogEvtCmdSwapEvents.cpp" />
		<Unit filename="DialogEvtCmdSwapEvents.h" />
		<Unit filename="DialogEvtCmdSwitch.cpp" />
		<Unit filename="DialogEvtCmdSwitch.h" />
		<Unit filename="DialogEvtCmdSystemGraphic.cpp" />
		<Unit filename="DialogEvtCmdSystemGraphic.h" />
		<Unit filename="DialogEvtCmdSystemMenuPermissions.cpp" />
		<Unit filename="DialogEvtCmdSystemMenuPermissions.h" />
		<Unit filename="DialogEvtCmdSystemMusic.cpp" />
		<Unit filename="DialogEvtCmdSystemMusic.h" />
		<Unit filename="DialogEvtCmdSystemSound.cpp" />
		<Unit filename="DialogEvtCmdSystemSound.h" />
		<Unit filename="DialogEvtCmdTeleport.cpp" />
		<Unit filename="DialogEvtCmdTeleport.h" />
		<Unit filename="DialogEvtCmdTeleportPermissions.cpp" />
		<Unit filename="DialogEvtCmdTeleportPermissions.h" />
		<Unit filename="DialogEvtCmdTeleportPlace.cpp" />
		<Unit filename="DialogEvtCmdTeleportPlace.h" />
		<Unit filename="DialogEvtCmdTile.cpp" />
		<Unit filename="DialogEvtCmdTile.h" />
		<Unit filename="DialogEvtCmdTileset.cpp" />
		<Unit filename="DialogEvtCmdTileset.h" />
		<Unit filename="DialogEvtCmdTimer.cpp" />
		<Unit filename="DialogEvtCmdTimer.h" />
		<Unit filename="DialogEvtCmdTone.cpp" />
		<Unit filename="DialogEvtCmdTone.h" />
		<Unit filename="DialogEvtCmdTransition.cpp" />
		<Unit filename="DialogEvtCmdTransition.h" />
		<Unit filename="DialogEvtCmdVariable.cpp" />
		<Unit filename="DialogEvtCmdVariable.h" />
		<Unit filename="DialogEvtCmdVehicleGraphic.cpp" />
		<Unit filename="DialogEvtCmdVehicleGraphic.h" />
		<Unit filename="DialogEvtCmdVehiclePosition.cpp" />
		<Unit filename="DialogEvtCmdVehiclePosition.h" />
		<Unit filename="DialogEvtCmdWait.cpp" />
		<Unit filename="DialogEvtCmdWait.h" />
		<Unit filename="DialogEvtCmdWeather.cpp" />
		<Unit filename="DialogEvtCmdWeather.h" />
		<Unit filename="DialogMap.cpp" />
		<Unit filename="DialogMap.h" />
		<Unit filename="DialogMaterial.cpp" />
		<Unit filename="DialogMaterial.h" />
		<Unit filename="FrameEditor.cpp" />
		<Unit filename="FrameEditor.h" />
		<Unit filename="main.cpp" />
		<Extensions>
			<code_completion />
			<envvars />
			<debugger />
			<lib_finder disable_auto="1" />
		</Extensions>
	</Project>
</CodeBlocks_project_file>
