<?xml version="1.0" encoding="utf-8"?>
<Project ToolsVersion="4.0" xmlns="http://schemas.microsoft.com/developer/msbuild/2003">
  <ItemGroup>
    <ClCompile Include="..\..\src\appEditor.cpp">
      <Filter>Source</Filter>
    </ClCompile>
    <ClCompile Include="..\..\src\dlgDb.cpp">
      <Filter>Source</Filter>
    </ClCompile>
    <ClCompile Include="..\..\src\dlgMap.cpp">
      <Filter>Source</Filter>
    </ClCompile>
    <ClCompile Include="..\..\src\dlgMaterial.cpp">
      <Filter>Source</Filter>
    </ClCompile>
    <ClCompile Include="..\..\src\dlgEvt.cpp">
      <Filter>Source</Filter>
    </ClCompile>
    <ClCompile Include="..\..\src\dlgEvtCmd.cpp">
      <Filter>Source</Filter>
    </ClCompile>
    <ClCompile Include="..\..\src\frmEditor.cpp">
      <Filter>Source</Filter>
    </ClCompile>
    <ClCompile Include="..\..\src\gui_database.cpp">
      <Filter>Source\Gui</Filter>
    </ClCompile>
    <ClCompile Include="..\..\src\gui_database_actors.cpp">
      <Filter>Source\Gui</Filter>
    </ClCompile>
    <ClCompile Include="..\..\src\gui_database_animations.cpp">
      <Filter>Source\Gui</Filter>
    </ClCompile>
    <ClCompile Include="..\..\src\gui_database_attributes.cpp">
      <Filter>Source\Gui</Filter>
    </ClCompile>
    <ClCompile Include="..\..\src\gui_database_common_events.cpp">
      <Filter>Source\Gui</Filter>
    </ClCompile>
    <ClCompile Include="..\..\src\gui_database_enemies.cpp">
      <Filter>Source\Gui</Filter>
    </ClCompile>
    <ClCompile Include="..\..\src\gui_database_items.cpp">
      <Filter>Source\Gui</Filter>
    </ClCompile>
    <ClCompile Include="..\..\src\gui_database_skills.cpp">
      <Filter>Source\Gui</Filter>
    </ClCompile>
    <ClCompile Include="..\..\src\gui_database_states.cpp">
      <Filter>Source\Gui</Filter>
    </ClCompile>
    <ClCompile Include="..\..\src\gui_database_system.cpp">
      <Filter>Source\Gui</Filter>
    </ClCompile>
    <ClCompile Include="..\..\src\gui_database_terrains.cpp">
      <Filter>Source\Gui</Filter>
    </ClCompile>
    <ClCompile Include="..\..\src\gui_database_texts.cpp">
      <Filter>Source\Gui</Filter>
    </ClCompile>
    <ClCompile Include="..\..\src\gui_database_tilesets.cpp">
      <Filter>Source\Gui</Filter>
    </ClCompile>
    <ClCompile Include="..\..\src\gui_database_troops.cpp">
      <Filter>Source\Gui</Filter>
    </ClCompile>
    <ClCompile Include="..\..\src\gui_editor.cpp">
      <Filter>Source\Gui</Filter>
    </ClCompile>
    <ClCompile Include="..\..\src\pnActor.cpp">
      <Filter>Source</Filter>
    </ClCompile>
    <ClCompile Include="..\..\src\pnAnimation.cpp">
      <Filter>Source</Filter>
    </ClCompile>
    <ClCompile Include="..\..\src\pnAttribute.cpp">
      <Filter>Source</Filter>
    </ClCompile>
    <ClCompile Include="..\..\src\pnCommonEvent.cpp">
      <Filter>Source</Filter>
    </ClCompile>
    <ClCompile Include="..\..\src\pnEnemy.cpp">
      <Filter>Source</Filter>
    </ClCompile>
    <ClCompile Include="..\..\src\pnItem.cpp">
      <Filter>Source</Filter>
    </ClCompile>
    <ClCompile Include="..\..\src\pnSkill.cpp">
      <Filter>Source</Filter>
    </ClCompile>
    <ClCompile Include="..\..\src\pnState.cpp">
      <Filter>Source</Filter>
    </ClCompile>
    <ClCompile Include="..\..\src\pnSystem.cpp">
      <Filter>Source</Filter>
    </ClCompile>
    <ClCompile Include="..\..\src\pnTerrain.cpp">
      <Filter>Source</Filter>
    </ClCompile>
    <ClCompile Include="..\..\src\pnText.cpp">
      <Filter>Source</Filter>
    </ClCompile>
    <ClCompile Include="..\..\src\pnTileset.cpp">
      <Filter>Source</Filter>
    </ClCompile>
    <ClCompile Include="..\..\src\pnTroop.cpp">
      <Filter>Source</Filter>
    </ClCompile>
  </ItemGroup>
  <ItemGroup>
    <ClInclude Include="..\..\src\frmEditor.h">
      <Filter>Source</Filter>
    </ClInclude>
    <ClInclude Include="..\..\src\appEditor.h">
      <Filter>Source</Filter>
    </ClInclude>
    <ClInclude Include="..\..\src\dlgDb.h">
      <Filter>Source</Filter>
    </ClInclude>
    <ClInclude Include="..\..\src\dlgMap.h">
      <Filter>Source</Filter>
    </ClInclude>
    <ClInclude Include="..\..\src\dlgMaterial.h">
      <Filter>Source</Filter>
    </ClInclude>
    <ClInclude Include="..\..\src\dlgEvt.h">
      <Filter>Source</Filter>
    </ClInclude>
    <ClInclude Include="..\..\src\dlgEvtCmd.h">
      <Filter>Source</Filter>
    </ClInclude>
    <ClInclude Include="..\..\src\gui_editor.h">
      <Filter>Source\Gui</Filter>
    </ClInclude>
    <ClInclude Include="..\..\src\gui_database.h">
      <Filter>Source\Gui</Filter>
    </ClInclude>
    <ClInclude Include="..\..\src\gui_database_actors.h">
      <Filter>Source\Gui</Filter>
    </ClInclude>
    <ClInclude Include="..\..\src\gui_database_animations.h">
      <Filter>Source\Gui</Filter>
    </ClInclude>
    <ClInclude Include="..\..\src\gui_database_attributes.h">
      <Filter>Source\Gui</Filter>
    </ClInclude>
    <ClInclude Include="..\..\src\gui_database_common_events.h">
      <Filter>Source\Gui</Filter>
    </ClInclude>
    <ClInclude Include="..\..\src\gui_database_enemies.h">
      <Filter>Source\Gui</Filter>
    </ClInclude>
    <ClInclude Include="..\..\src\gui_database_items.h">
      <Filter>Source\Gui</Filter>
    </ClInclude>
    <ClInclude Include="..\..\src\gui_database_skills.h">
      <Filter>Source\Gui</Filter>
    </ClInclude>
    <ClInclude Include="..\..\src\gui_database_states.h">
      <Filter>Source\Gui</Filter>
    </ClInclude>
    <ClInclude Include="..\..\src\gui_database_system.h">
      <Filter>Source\Gui</Filter>
    </ClInclude>
    <ClInclude Include="..\..\src\gui_database_terrains.h">
      <Filter>Source\Gui</Filter>
    </ClInclude>
    <ClInclude Include="..\..\src\gui_database_texts.h">
      <Filter>Source\Gui</Filter>
    </ClInclude>
    <ClInclude Include="..\..\src\gui_database_tilesets.h">
      <Filter>Source\Gui</Filter>
    </ClInclude>
    <ClInclude Include="..\..\src\gui_database_troops.h">
      <Filter>Source\Gui</Filter>
    </ClInclude>
    <ClInclude Include="..\..\src\pnTroop.h">
      <Filter>Source</Filter>
    </ClInclude>
    <ClInclude Include="..\..\src\pnActor.h">
      <Filter>Source</Filter>
    </ClInclude>
    <ClInclude Include="..\..\src\pnAnimation.h">
      <Filter>Source</Filter>
    </ClInclude>
    <ClInclude Include="..\..\src\pnAttribute.h">
      <Filter>Source</Filter>
    </ClInclude>
    <ClInclude Include="..\..\src\pnCommonEvent.h">
      <Filter>Source</Filter>
    </ClInclude>
    <ClInclude Include="..\..\src\pnEnemy.h">
      <Filter>Source</Filter>
    </ClInclude>
    <ClInclude Include="..\..\src\pnItem.h">
      <Filter>Source</Filter>
    </ClInclude>
    <ClInclude Include="..\..\src\pnSkill.h">
      <Filter>Source</Filter>
    </ClInclude>
    <ClInclude Include="..\..\src\pnState.h">
      <Filter>Source</Filter>
    </ClInclude>
    <ClInclude Include="..\..\src\pnSystem.h">
      <Filter>Source</Filter>
    </ClInclude>
    <ClInclude Include="..\..\src\pnTerrain.h">
      <Filter>Source</Filter>
    </ClInclude>
    <ClInclude Include="..\..\src\pnText.h">
      <Filter>Source</Filter>
    </ClInclude>
    <ClInclude Include="..\..\src\pnTileset.h">
      <Filter>Source</Filter>
    </ClInclude>
  </ItemGroup>
  <ItemGroup>
    <Filter Include="Resource">
      <UniqueIdentifier>{574ae642-faf7-47e1-82e3-3a026fe3e142}</UniqueIdentifier>
    </Filter>
    <Filter Include="Forms">
      <UniqueIdentifier>{51536b74-4916-4787-8dcb-95159db5e2b2}</UniqueIdentifier>
    </Filter>
    <Filter Include="Source">
      <UniqueIdentifier>{eccced0b-bc86-4c25-b2c2-7b3e5e4577ce}</UniqueIdentifier>
    </Filter>
    <Filter Include="Source\Gui">
      <UniqueIdentifier>{457705f2-b8bc-47f4-8974-395701adf200}</UniqueIdentifier>
    </Filter>
  </ItemGroup>
  <ItemGroup>
    <None Include="..\..\resources\win\editor.ico">
      <Filter>Resource</Filter>
    </None>
    <None Include="..\..\resources\gui\gui_database.fbp">
      <Filter>Forms</Filter>
    </None>
    <None Include="..\..\resources\gui\gui_database_actors.fbp">
      <Filter>Forms</Filter>
    </None>
    <None Include="..\..\resources\gui\gui_database_animations.fbp">
      <Filter>Forms</Filter>
    </None>
    <None Include="..\..\resources\gui\gui_database_attributes.fbp">
      <Filter>Forms</Filter>
    </None>
    <None Include="..\..\resources\gui\gui_database_common_events.fbp">
      <Filter>Forms</Filter>
    </None>
    <None Include="..\..\resources\gui\gui_database_enemies.fbp">
      <Filter>Forms</Filter>
    </None>
    <None Include="..\..\resources\gui\gui_database_items.fbp">
      <Filter>Forms</Filter>
    </None>
    <None Include="..\..\resources\gui\gui_database_skills.fbp">
      <Filter>Forms</Filter>
    </None>
    <None Include="..\..\resources\gui\gui_database_states.fbp">
      <Filter>Forms</Filter>
    </None>
    <None Include="..\..\resources\gui\gui_database_system.fbp">
      <Filter>Forms</Filter>
    </None>
    <None Include="..\..\resources\gui\gui_database_terrains.fbp">
      <Filter>Forms</Filter>
    </None>
    <None Include="..\..\resources\gui\gui_database_texts.fbp">
      <Filter>Forms</Filter>
    </None>
    <None Include="..\..\resources\gui\gui_database_tilesets.fbp">
      <Filter>Forms</Filter>
    </None>
    <None Include="..\..\resources\gui\gui_database_troops.fbp">
      <Filter>Forms</Filter>
    </None>
    <None Include="..\..\resources\gui\gui_editor.fbp">
      <Filter>Forms</Filter>
    </None>
    <None Include="..\..\resources\gui\gui_events.fbp">
      <Filter>Forms</Filter>
    </None>
    <None Include="..\..\resources\gui\gui_events_page_1.fbp">
      <Filter>Forms</Filter>
    </None>
    <None Include="..\..\resources\gui\gui_events_page_2.fbp">
      <Filter>Forms</Filter>
    </None>
    <None Include="..\..\resources\gui\gui_events_page_3.fbp">
      <Filter>Forms</Filter>
    </None>
  </ItemGroup>
  <ItemGroup>
    <ResourceCompile Include="..\..\resources\win\editor.rc">
      <Filter>Resource</Filter>
    </ResourceCompile>
  </ItemGroup>
</Project>
