
Microsoft Visual Studio Solution File, Format Version 11.00
# Visual Studio 2010
Project("{FAE04EC0-301F-11D3-BF4B-00C04F79EFBC}") = "EasyRPG.Editor", "EasyRPG.Editor\EasyRPG.Editor.csproj", "{A8E3BED8-AD9F-4F85-B7A5-17B90BE1C80F}"
EndProject
Project("{FAE04EC0-301F-11D3-BF4B-00C04F79EFBC}") = "EasyRPG.Editor.Common", "EasyRPG.Editor.Common\EasyRPG.Editor.Common.csproj", "{69621B89-B25B-42CD-BC62-21273A5632A3}"
EndProject
Project("{FAE04EC0-301F-11D3-BF4B-00C04F79EFBC}") = "EasyRPG.Editor.RPG", "EasyRPG.Editor.RPG\EasyRPG.Editor.RPG.csproj", "{2E8D2138-5E34-453B-9C24-0EE090013909}"
EndProject
Project("{FAE04EC0-301F-11D3-BF4B-00C04F79EFBC}") = "EasyRPG.Editor.Serializer", "EasyRPG.Editor.Serializer\EasyRPG.Editor.Serializer.csproj", "{5305C35F-CC9A-4E4D-888B-0C69F49F7CA4}"
EndProject
Global
	GlobalSection(SolutionConfigurationPlatforms) = preSolution
		Debug|Any CPU = Debug|Any CPU
		Debug|Mixed Platforms = Debug|Mixed Platforms
		Debug|x86 = Debug|x86
		Release|Any CPU = Release|Any CPU
		Release|Mixed Platforms = Release|Mixed Platforms
		Release|x86 = Release|x86
	EndGlobalSection
	GlobalSection(ProjectConfigurationPlatforms) = postSolution
		{A8E3BED8-AD9F-4F85-B7A5-17B90BE1C80F}.Debug|Any CPU.ActiveCfg = Debug|x86
		{A8E3BED8-AD9F-4F85-B7A5-17B90BE1C80F}.Debug|Mixed Platforms.ActiveCfg = Debug|x86
		{A8E3BED8-AD9F-4F85-B7A5-17B90BE1C80F}.Debug|Mixed Platforms.Build.0 = Debug|x86
		{A8E3BED8-AD9F-4F85-B7A5-17B90BE1C80F}.Debug|x86.ActiveCfg = Debug|x86
		{A8E3BED8-AD9F-4F85-B7A5-17B90BE1C80F}.Debug|x86.Build.0 = Debug|x86
		{A8E3BED8-AD9F-4F85-B7A5-17B90BE1C80F}.Release|Any CPU.ActiveCfg = Release|x86
		{A8E3BED8-AD9F-4F85-B7A5-17B90BE1C80F}.Release|Mixed Platforms.ActiveCfg = Release|x86
		{A8E3BED8-AD9F-4F85-B7A5-17B90BE1C80F}.Release|Mixed Platforms.Build.0 = Release|x86
		{A8E3BED8-AD9F-4F85-B7A5-17B90BE1C80F}.Release|x86.ActiveCfg = Release|x86
		{A8E3BED8-AD9F-4F85-B7A5-17B90BE1C80F}.Release|x86.Build.0 = Release|x86
		{69621B89-B25B-42CD-BC62-21273A5632A3}.Debug|Any CPU.ActiveCfg = Debug|Any CPU
		{69621B89-B25B-42CD-BC62-21273A5632A3}.Debug|Any CPU.Build.0 = Debug|Any CPU
		{69621B89-B25B-42CD-BC62-21273A5632A3}.Debug|Mixed Platforms.ActiveCfg = Debug|Any CPU
		{69621B89-B25B-42CD-BC62-21273A5632A3}.Debug|Mixed Platforms.Build.0 = Debug|Any CPU
		{69621B89-B25B-42CD-BC62-21273A5632A3}.Debug|x86.ActiveCfg = Debug|Any CPU
		{69621B89-B25B-42CD-BC62-21273A5632A3}.Release|Any CPU.ActiveCfg = Release|Any CPU
		{69621B89-B25B-42CD-BC62-21273A5632A3}.Release|Any CPU.Build.0 = Release|Any CPU
		{69621B89-B25B-42CD-BC62-21273A5632A3}.Release|Mixed Platforms.ActiveCfg = Release|Any CPU
		{69621B89-B25B-42CD-BC62-21273A5632A3}.Release|Mixed Platforms.Build.0 = Release|Any CPU
		{69621B89-B25B-42CD-BC62-21273A5632A3}.Release|x86.ActiveCfg = Release|Any CPU
		{2E8D2138-5E34-453B-9C24-0EE090013909}.Debug|Any CPU.ActiveCfg = Debug|Any CPU
		{2E8D2138-5E34-453B-9C24-0EE090013909}.Debug|Any CPU.Build.0 = Debug|Any CPU
		{2E8D2138-5E34-453B-9C24-0EE090013909}.Debug|Mixed Platforms.ActiveCfg = Debug|Any CPU
		{2E8D2138-5E34-453B-9C24-0EE090013909}.Debug|Mixed Platforms.Build.0 = Debug|Any CPU
		{2E8D2138-5E34-453B-9C24-0EE090013909}.Debug|x86.ActiveCfg = Debug|Any CPU
		{2E8D2138-5E34-453B-9C24-0EE090013909}.Release|Any CPU.ActiveCfg = Release|Any CPU
		{2E8D2138-5E34-453B-9C24-0EE090013909}.Release|Any CPU.Build.0 = Release|Any CPU
		{2E8D2138-5E34-453B-9C24-0EE090013909}.Release|Mixed Platforms.ActiveCfg = Release|Any CPU
		{2E8D2138-5E34-453B-9C24-0EE090013909}.Release|Mixed Platforms.Build.0 = Release|Any CPU
		{2E8D2138-5E34-453B-9C24-0EE090013909}.Release|x86.ActiveCfg = Release|Any CPU
		{5305C35F-CC9A-4E4D-888B-0C69F49F7CA4}.Debug|Any CPU.ActiveCfg = Debug|Any CPU
		{5305C35F-CC9A-4E4D-888B-0C69F49F7CA4}.Debug|Any CPU.Build.0 = Debug|Any CPU
		{5305C35F-CC9A-4E4D-888B-0C69F49F7CA4}.Debug|Mixed Platforms.ActiveCfg = Debug|Any CPU
		{5305C35F-CC9A-4E4D-888B-0C69F49F7CA4}.Debug|Mixed Platforms.Build.0 = Debug|Any CPU
		{5305C35F-CC9A-4E4D-888B-0C69F49F7CA4}.Debug|x86.ActiveCfg = Debug|Any CPU
		{5305C35F-CC9A-4E4D-888B-0C69F49F7CA4}.Release|Any CPU.ActiveCfg = Release|Any CPU
		{5305C35F-CC9A-4E4D-888B-0C69F49F7CA4}.Release|Any CPU.Build.0 = Release|Any CPU
		{5305C35F-CC9A-4E4D-888B-0C69F49F7CA4}.Release|Mixed Platforms.ActiveCfg = Release|Any CPU
		{5305C35F-CC9A-4E4D-888B-0C69F49F7CA4}.Release|Mixed Platforms.Build.0 = Release|Any CPU
		{5305C35F-CC9A-4E4D-888B-0C69F49F7CA4}.Release|x86.ActiveCfg = Release|Any CPU
	EndGlobalSection
	GlobalSection(SolutionProperties) = preSolution
		HideSolutionNode = FALSE
	EndGlobalSection
EndGlobal
